
Microsoft Visual Studio Solution File, Format Version 12.00
# Visual Studio Version 17
VisualStudioVersion = 17.13.35919.96 d17.13
MinimumVisualStudioVersion = 10.0.40219.1
Project("{FAE04EC0-301F-11D3-BF4B-00C04F79EFBC}") = "TaskManagementService", "TaskManagementService.csproj", "{A3D89F80-01A7-435F-8789-250AF87E57D1}"
EndProject
Project("{2150E333-8FDC-42A3-9474-1A3956D46DE8}") = "Solutions Items", "Solutions Items", "{02EA681E-C7D8-13C7-8484-4AC65E1B71E8}"
	ProjectSection(SolutionItems) = preProject
		.gitignore = .gitignore
		GitVersion.yml = GitVersion.yml
		nuget.config = nuget.config
		README.md = README.md
	EndProjectSection
EndProject
Global
	GlobalSection(SolutionConfigurationPlatforms) = preSolution
		Debug|Any CPU = Debug|Any CPU
		Release|Any CPU = Release|Any CPU
	EndGlobalSection
	GlobalSection(ProjectConfigurationPlatforms) = postSolution
		{A3D89F80-01A7-435F-8789-250AF87E57D1}.Debug|Any CPU.ActiveCfg = Debug|Any CPU
		{A3D89F80-01A7-435F-8789-250AF87E57D1}.Debug|Any CPU.Build.0 = Debug|Any CPU
		{A3D89F80-01A7-435F-8789-250AF87E57D1}.Release|Any CPU.ActiveCfg = Release|Any CPU
		{A3D89F80-01A7-435F-8789-250AF87E57D1}.Release|Any CPU.Build.0 = Release|Any CPU
	EndGlobalSection
	GlobalSection(SolutionProperties) = preSolution
		HideSolutionNode = FALSE
	EndGlobalSection
	GlobalSection(ExtensibilityGlobals) = postSolution
		SolutionGuid = {0539AD4E-CFEA-4C3E-87A8-0724C3AD4AC0}
	EndGlobalSection
EndGlobal
